
Microsoft Visual Studio Solution File, Format Version 12.00
# Visual Studio Version 17
VisualStudioVersion = 17.8.34330.188
MinimumVisualStudioVersion = 10.0.40219.1
Project("{9A19103F-16F7-4668-BE54-9A1E7A4F7556}") = "Maui.IQKeyboardManager", "Maui.IQKeyboardManager.csproj", "{D4587E1C-3E99-44D3-9E42-A4F70FE86834}"
EndProject
Global
	GlobalSection(SolutionConfigurationPlatforms) = preSolution
		Debug|Any CPU = Debug|Any CPU
		Release|Any CPU = Release|Any CPU
	EndGlobalSection
	GlobalSection(ProjectConfigurationPlatforms) = postSolution
		{D4587E1C-3E99-44D3-9E42-A4F70FE86834}.Debug|Any CPU.ActiveCfg = Debug|Any CPU
		{D4587E1C-3E99-44D3-9E42-A4F70FE86834}.Debug|Any CPU.Build.0 = Debug|Any CPU
		{D4587E1C-3E99-44D3-9E42-A4F70FE86834}.Release|Any CPU.ActiveCfg = Release|Any CPU
		{D4587E1C-3E99-44D3-9E42-A4F70FE86834}.Release|Any CPU.Build.0 = Release|Any CPU
	EndGlobalSection
	GlobalSection(SolutionProperties) = preSolution
		HideSolutionNode = FALSE
	EndGlobalSection
	GlobalSection(ExtensibilityGlobals) = postSolution
		SolutionGuid = {88744697-0299-4900-AE89-D96DC04C7DFA}
	EndGlobalSection
EndGlobal
